// !$*UTF8*$!
{
	archiveVersion = 1;
	classes = {
	};
	objectVersion = 55;
	objects = {

/* Begin PBXBuildFile section */
		9CE8F7B0276262A500A6C26F /* AppDelegate.swift in Sources */ = {isa = PBXBuildFile; fileRef = 9CE8F7AF276262A500A6C26F /* AppDelegate.swift */; };
		9CE8F7B2276262A500A6C26F /* SceneDelegate.swift in Sources */ = {isa = PBXBuildFile; fileRef = 9CE8F7B1276262A500A6C26F /* SceneDelegate.swift */; };
		9CE8F7B7276262A500A6C26F /* Main.storyboard in Resources */ = {isa = PBXBuildFile; fileRef = 9CE8F7B5276262A500A6C26F /* Main.storyboard */; };
		9CE8F7B9276262A800A6C26F /* Assets.xcassets in Resources */ = {isa = PBXBuildFile; fileRef = 9CE8F7B8276262A800A6C26F /* Assets.xcassets */; };
		9CE8F7BC276262A800A6C26F /* LaunchScreen.storyboard in Resources */ = {isa = PBXBuildFile; fileRef = 9CE8F7BA276262A800A6C26F /* LaunchScreen.storyboard */; };
		9CE8F7C42762636700A6C26F /* TaskListController.swift in Sources */ = {isa = PBXBuildFile; fileRef = 9CE8F7C32762636700A6C26F /* TaskListController.swift */; };
		9CE8F7C72762652700A6C26F /* Task.swift in Sources */ = {isa = PBXBuildFile; fileRef = 9CE8F7C62762652700A6C26F /* Task.swift */; };
		9CE8F7C92762662800A6C26F /* TaskStorage.swift in Sources */ = {isa = PBXBuildFile; fileRef = 9CE8F7C82762662800A6C26F /* TaskStorage.swift */; };
		9CE8F7CD2762756800A6C26F /* TaskCell.swift in Sources */ = {isa = PBXBuildFile; fileRef = 9CE8F7CC2762756800A6C26F /* TaskCell.swift */; };
		9CE8F7D12766654E00A6C26F /* TaskEditController.swift in Sources */ = {isa = PBXBuildFile; fileRef = 9CE8F7D02766654E00A6C26F /* TaskEditController.swift */; };
		9CE8F7D32766760000A6C26F /* TaskTypeController.swift in Sources */ = {isa = PBXBuildFile; fileRef = 9CE8F7D22766760000A6C26F /* TaskTypeController.swift */; };
		9CE8F7D62766780F00A6C26F /* TaskTypeCell.swift in Sources */ = {isa = PBXBuildFile; fileRef = 9CE8F7D42766780F00A6C26F /* TaskTypeCell.swift */; };
		9CE8F7D72766780F00A6C26F /* TaskTypeCell.xib in Resources */ = {isa = PBXBuildFile; fileRef = 9CE8F7D52766780F00A6C26F /* TaskTypeCell.xib */; };
		9CE8F7DA2767B0BF00A6C26F /* ShowAlert.swift in Sources */ = {isa = PBXBuildFile; fileRef = 9CE8F7D92767B0BF00A6C26F /* ShowAlert.swift */; };
/* End PBXBuildFile section */

/* Begin PBXFileReference section */
		9CE8F7AC276262A500A6C26F /* ToDoManager.app */ = {isa = PBXFileReference; explicitFileType = wrapper.application; includeInIndex = 0; path = ToDoManager.app; sourceTree = BUILT_PRODUCTS_DIR; };
		9CE8F7AF276262A500A6C26F /* AppDelegate.swift */ = {isa = PBXFileReference; lastKnownFileType = sourcecode.swift; path = AppDelegate.swift; sourceTree = "<group>"; };
		9CE8F7B1276262A500A6C26F /* SceneDelegate.swift */ = {isa = PBXFileReference; lastKnownFileType = sourcecode.swift; path = SceneDelegate.swift; sourceTree = "<group>"; };
		9CE8F7B6276262A500A6C26F /* Base */ = {isa = PBXFileReference; lastKnownFileType = file.storyboard; name = Base; path = Base.lproj/Main.storyboard; sourceTree = "<group>"; };
		9CE8F7B8276262A800A6C26F /* Assets.xcassets */ = {isa = PBXFileReference; lastKnownFileType = folder.assetcatalog; path = Assets.xcassets; sourceTree = "<group>"; };
		9CE8F7BB276262A800A6C26F /* Base */ = {isa = PBXFileReference; lastKnownFileType = file.storyboard; name = Base; path = Base.lproj/LaunchScreen.storyboard; sourceTree = "<group>"; };
		9CE8F7BD276262A800A6C26F /* Info.plist */ = {isa = PBXFileReference; lastKnownFileType = text.plist.xml; path = Info.plist; sourceTree = "<group>"; };
		9CE8F7C32762636700A6C26F /* TaskListController.swift */ = {isa = PBXFileReference; lastKnownFileType = sourcecode.swift; path = TaskListController.swift; sourceTree = "<group>"; };
		9CE8F7C62762652700A6C26F /* Task.swift */ = {isa = PBXFileReference; lastKnownFileType = sourcecode.swift; path = Task.swift; sourceTree = "<group>"; };
		9CE8F7C82762662800A6C26F /* TaskStorage.swift */ = {isa = PBXFileReference; lastKnownFileType = sourcecode.swift; path = TaskStorage.swift; sourceTree = "<group>"; };
		9CE8F7CC2762756800A6C26F /* TaskCell.swift */ = {isa = PBXFileReference; lastKnownFileType = sourcecode.swift; path = TaskCell.swift; sourceTree = "<group>"; };
		9CE8F7D02766654E00A6C26F /* TaskEditController.swift */ = {isa = PBXFileReference; lastKnownFileType = sourcecode.swift; path = TaskEditController.swift; sourceTree = "<group>"; };
		9CE8F7D22766760000A6C26F /* TaskTypeController.swift */ = {isa = PBXFileReference; lastKnownFileType = sourcecode.swift; path = TaskTypeController.swift; sourceTree = "<group>"; };
		9CE8F7D42766780F00A6C26F /* TaskTypeCell.swift */ = {isa = PBXFileReference; lastKnownFileType = sourcecode.swift; path = TaskTypeCell.swift; sourceTree = "<group>"; };
		9CE8F7D52766780F00A6C26F /* TaskTypeCell.xib */ = {isa = PBXFileReference; lastKnownFileType = file.xib; path = TaskTypeCell.xib; sourceTree = "<group>"; };
		9CE8F7D92767B0BF00A6C26F /* ShowAlert.swift */ = {isa = PBXFileReference; lastKnownFileType = sourcecode.swift; path = ShowAlert.swift; sourceTree = "<group>"; };
/* End PBXFileReference section */

/* Begin PBXFrameworksBuildPhase section */
		9CE8F7A9276262A500A6C26F /* Frameworks */ = {
			isa = PBXFrameworksBuildPhase;
			buildActionMask = 2147483647;
			files = (
			);
			runOnlyForDeploymentPostprocessing = 0;
		};
/* End PBXFrameworksBuildPhase section */

/* Begin PBXGroup section */
		9CE8F7A3276262A500A6C26F = {
			isa = PBXGroup;
			children = (
				9CE8F7AE276262A500A6C26F /* ToDoManager */,
				9CE8F7AD276262A500A6C26F /* Products */,
			);
			sourceTree = "<group>";
		};
		9CE8F7AD276262A500A6C26F /* Products */ = {
			isa = PBXGroup;
			children = (
				9CE8F7AC276262A500A6C26F /* ToDoManager.app */,
			);
			name = Products;
			sourceTree = "<group>";
		};
		9CE8F7AE276262A500A6C26F /* ToDoManager */ = {
			isa = PBXGroup;
			children = (
				9CE8F7CA2762753700A6C26F /* View */,
				9CE8F7C52762651600A6C26F /* Model */,
				9CE8F7CE27665F4B00A6C26F /* Controllers */,
				9CE8F7CF27665F5700A6C26F /* Supports file */,
				9CE8F7B5276262A500A6C26F /* Main.storyboard */,
				9CE8F7BD276262A800A6C26F /* Info.plist */,
			);
			path = ToDoManager;
			sourceTree = "<group>";
		};
		9CE8F7C52762651600A6C26F /* Model */ = {
			isa = PBXGroup;
			children = (
				9CE8F7C62762652700A6C26F /* Task.swift */,
				9CE8F7C82762662800A6C26F /* TaskStorage.swift */,
			);
			path = Model;
			sourceTree = "<group>";
		};
		9CE8F7CA2762753700A6C26F /* View */ = {
			isa = PBXGroup;
			children = (
				9CE8F7CB2762753F00A6C26F /* Cells */,
			);
			path = View;
			sourceTree = "<group>";
		};
		9CE8F7CB2762753F00A6C26F /* Cells */ = {
			isa = PBXGroup;
			children = (
				9CE8F7CC2762756800A6C26F /* TaskCell.swift */,
				9CE8F7D42766780F00A6C26F /* TaskTypeCell.swift */,
				9CE8F7D52766780F00A6C26F /* TaskTypeCell.xib */,
			);
			path = Cells;
			sourceTree = "<group>";
		};
		9CE8F7CE27665F4B00A6C26F /* Controllers */ = {
			isa = PBXGroup;
			children = (
				9CE8F7D82767B0A800A6C26F /* Extensions */,
				9CE8F7C32762636700A6C26F /* TaskListController.swift */,
				9CE8F7D02766654E00A6C26F /* TaskEditController.swift */,
				9CE8F7D22766760000A6C26F /* TaskTypeController.swift */,
			);
			path = Controllers;
			sourceTree = "<group>";
		};
		9CE8F7CF27665F5700A6C26F /* Supports file */ = {
			isa = PBXGroup;
			children = (
				9CE8F7AF276262A500A6C26F /* AppDelegate.swift */,
				9CE8F7B1276262A500A6C26F /* SceneDelegate.swift */,
				9CE8F7B8276262A800A6C26F /* Assets.xcassets */,
				9CE8F7BA276262A800A6C26F /* LaunchScreen.storyboard */,
			);
			path = "Supports file";
			sourceTree = "<group>";
		};
		9CE8F7D82767B0A800A6C26F /* Extensions */ = {
			isa = PBXGroup;
			children = (
				9CE8F7D92767B0BF00A6C26F /* ShowAlert.swift */,
			);
			path = Extensions;
			sourceTree = "<group>";
		};
/* End PBXGroup section */

/* Begin PBXNativeTarget section */
		9CE8F7AB276262A500A6C26F /* ToDoManager */ = {
			isa = PBXNativeTarget;
			buildConfigurationList = 9CE8F7C0276262A800A6C26F /* Build configuration list for PBXNativeTarget "ToDoManager" */;
			buildPhases = (
				9CE8F7A8276262A500A6C26F /* Sources */,
				9CE8F7A9276262A500A6C26F /* Frameworks */,
				9CE8F7AA276262A500A6C26F /* Resources */,
			);
			buildRules = (
			);
			dependencies = (
			);
			name = ToDoManager;
			productName = ToDoManager;
			productReference = 9CE8F7AC276262A500A6C26F /* ToDoManager.app */;
			productType = "com.apple.product-type.application";
		};
/* End PBXNativeTarget section */

/* Begin PBXProject section */
		9CE8F7A4276262A500A6C26F /* Project object */ = {
			isa = PBXProject;
			attributes = {
				BuildIndependentTargetsInParallel = 1;
				LastSwiftUpdateCheck = 1310;
				LastUpgradeCheck = 1310;
				TargetAttributes = {
					9CE8F7AB276262A500A6C26F = {
						CreatedOnToolsVersion = 13.1;
					};
				};
			};
			buildConfigurationList = 9CE8F7A7276262A500A6C26F /* Build configuration list for PBXProject "ToDoManager" */;
			compatibilityVersion = "Xcode 13.0";
			developmentRegion = en;
			hasScannedForEncodings = 0;
			knownRegions = (
				en,
				Base,
			);
			mainGroup = 9CE8F7A3276262A500A6C26F;
			productRefGroup = 9CE8F7AD276262A500A6C26F /* Products */;
			projectDirPath = "";
			projectRoot = "";
			targets = (
				9CE8F7AB276262A500A6C26F /* ToDoManager */,
			);
		};
/* End PBXProject section */

/* Begin PBXResourcesBuildPhase section */
		9CE8F7AA276262A500A6C26F /* Resources */ = {
			isa = PBXResourcesBuildPhase;
			buildActionMask = 2147483647;
			files = (
				9CE8F7BC276262A800A6C26F /* LaunchScreen.storyboard in Resources */,
				9CE8F7B9276262A800A6C26F /* Assets.xcassets in Resources */,
				9CE8F7D72766780F00A6C26F /* TaskTypeCell.xib in Resources */,
				9CE8F7B7276262A500A6C26F /* Main.storyboard in Resources */,
			);
			runOnlyForDeploymentPostprocessing = 0;
		};
/* End PBXResourcesBuildPhase section */

/* Begin PBXSourcesBuildPhase section */
		9CE8F7A8276262A500A6C26F /* Sources */ = {
			isa = PBXSourcesBuildPhase;
			buildActionMask = 2147483647;
			files = (
				9CE8F7C72762652700A6C26F /* Task.swift in Sources */,
				9CE8F7B0276262A500A6C26F /* AppDelegate.swift in Sources */,
				9CE8F7B2276262A500A6C26F /* SceneDelegate.swift in Sources */,
				9CE8F7C92762662800A6C26F /* TaskStorage.swift in Sources */,
				9CE8F7D32766760000A6C26F /* TaskTypeController.swift in Sources */,
				9CE8F7DA2767B0BF00A6C26F /* ShowAlert.swift in Sources */,
				9CE8F7CD2762756800A6C26F /* TaskCell.swift in Sources */,
				9CE8F7C42762636700A6C26F /* TaskListController.swift in Sources */,
				9CE8F7D12766654E00A6C26F /* TaskEditController.swift in Sources */,
				9CE8F7D62766780F00A6C26F /* TaskTypeCell.swift in Sources */,
			);
			runOnlyForDeploymentPostprocessing = 0;
		};
/* End PBXSourcesBuildPhase section */

/* Begin PBXVariantGroup section */
		9CE8F7B5276262A500A6C26F /* Main.storyboard */ = {
			isa = PBXVariantGroup;
			children = (
				9CE8F7B6276262A500A6C26F /* Base */,
			);
			name = Main.storyboard;
			sourceTree = "<group>";
		};
		9CE8F7BA276262A800A6C26F /* LaunchScreen.storyboard */ = {
			isa = PBXVariantGroup;
			children = (
				9CE8F7BB276262A800A6C26F /* Base */,
			);
			name = LaunchScreen.storyboard;
			sourceTree = "<group>";
		};
/* End PBXVariantGroup section */

/* Begin XCBuildConfiguration section */
		9CE8F7BE276262A800A6C26F /* Debug */ = {
			isa = XCBuildConfiguration;
			buildSettings = {
				ALWAYS_SEARCH_USER_PATHS = NO;
				CLANG_ANALYZER_NONNULL = YES;
				CLANG_ANALYZER_NUMBER_OBJECT_CONVERSION = YES_AGGRESSIVE;
				CLANG_CXX_LANGUAGE_STANDARD = "gnu++17";
				CLANG_CXX_LIBRARY = "libc++";
				CLANG_ENABLE_MODULES = YES;
				CLANG_ENABLE_OBJC_ARC = YES;
				CLANG_ENABLE_OBJC_WEAK = YES;
				CLANG_WARN_BLOCK_CAPTURE_AUTORELEASING = YES;
				CLANG_WARN_BOOL_CONVERSION = YES;
				CLANG_WARN_COMMA = YES;
				CLANG_WARN_CONSTANT_CONVERSION = YES;
				CLANG_WARN_DEPRECATED_OBJC_IMPLEMENTATIONS = YES;
				CLANG_WARN_DIRECT_OBJC_ISA_USAGE = YES_ERROR;
				CLANG_WARN_DOCUMENTATION_COMMENTS = YES;
				CLANG_WARN_EMPTY_BODY = YES;
				CLANG_WARN_ENUM_CONVERSION = YES;
				CLANG_WARN_INFINITE_RECURSION = YES;
				CLANG_WARN_INT_CONVERSION = YES;
				CLANG_WARN_NON_LITERAL_NULL_CONVERSION = YES;
				CLANG_WARN_OBJC_IMPLICIT_RETAIN_SELF = YES;
				CLANG_WARN_OBJC_LITERAL_CONVERSION = YES;
				CLANG_WARN_OBJC_ROOT_CLASS = YES_ERROR;
				CLANG_WARN_QUOTED_INCLUDE_IN_FRAMEWORK_HEADER = YES;
				CLANG_WARN_RANGE_LOOP_ANALYSIS = YES;
				CLANG_WARN_STRICT_PROTOTYPES = YES;
				CLANG_WARN_SUSPICIOUS_MOVE = YES;
				CLANG_WARN_UNGUARDED_AVAILABILITY = YES_AGGRESSIVE;
				CLANG_WARN_UNREACHABLE_CODE = YES;
				CLANG_WARN__DUPLICATE_METHOD_MATCH = YES;
				COPY_PHASE_STRIP = NO;
				DEBUG_INFORMATION_FORMAT = dwarf;
				ENABLE_STRICT_OBJC_MSGSEND = YES;
				ENABLE_TESTABILITY = YES;
				GCC_C_LANGUAGE_STANDARD = gnu11;
				GCC_DYNAMIC_NO_PIC = NO;
				GCC_NO_COMMON_BLOCKS = YES;
				GCC_OPTIMIZATION_LEVEL = 0;
				GCC_PREPROCESSOR_DEFINITIONS = (
					"DEBUG=1",
					"$(inherited)",
				);
				GCC_WARN_64_TO_32_BIT_CONVERSION = YES;
				GCC_WARN_ABOUT_RETURN_TYPE = YES_ERROR;
				GCC_WARN_UNDECLARED_SELECTOR = YES;
				GCC_WARN_UNINITIALIZED_AUTOS = YES_AGGRESSIVE;
				GCC_WARN_UNUSED_FUNCTION = YES;
				GCC_WARN_UNUSED_VARIABLE = YES;
				IPHONEOS_DEPLOYMENT_TARGET = 15.0;
				MTL_ENABLE_DEBUG_INFO = INCLUDE_SOURCE;
				MTL_FAST_MATH = YES;
				ONLY_ACTIVE_ARCH = YES;
				SDKROOT = iphoneos;
				SWIFT_ACTIVE_COMPILATION_CONDITIONS = DEBUG;
				SWIFT_OPTIMIZATION_LEVEL = "-Onone";
			};
			name = Debug;
		};
		9CE8F7BF276262A800A6C26F /* Release */ = {
			isa = XCBuildConfiguration;
			buildSettings = {
				ALWAYS_SEARCH_USER_PATHS = NO;
				CLANG_ANALYZER_NONNULL = YES;
				CLANG_ANALYZER_NUMBER_OBJECT_CONVERSION = YES_AGGRESSIVE;
				CLANG_CXX_LANGUAGE_STANDARD = "gnu++17";
				CLANG_CXX_LIBRARY = "libc++";
				CLANG_ENABLE_MODULES = YES;
				CLANG_ENABLE_OBJC_ARC = YES;
				CLANG_ENABLE_OBJC_WEAK = YES;
				CLANG_WARN_BLOCK_CAPTURE_AUTORELEASING = YES;
				CLANG_WARN_BOOL_CONVERSION = YES;
				CLANG_WARN_COMMA = YES;
				CLANG_WARN_CONSTANT_CONVERSION = YES;
				CLANG_WARN_DEPRECATED_OBJC_IMPLEMENTATIONS = YES;
				CLANG_WARN_DIRECT_OBJC_ISA_USAGE = YES_ERROR;
				CLANG_WARN_DOCUMENTATION_COMMENTS = YES;
				CLANG_WARN_EMPTY_BODY = YES;
				CLANG_WARN_ENUM_CONVERSION = YES;
				CLANG_WARN_INFINITE_RECURSION = YES;
				CLANG_WARN_INT_CONVERSION = YES;
				CLANG_WARN_NON_LITERAL_NULL_CONVERSION = YES;
				CLANG_WARN_OBJC_IMPLICIT_RETAIN_SELF = YES;
				CLANG_WARN_OBJC_LITERAL_CONVERSION = YES;
				CLANG_WARN_OBJC_ROOT_CLASS = YES_ERROR;
				CLANG_WARN_QUOTED_INCLUDE_IN_FRAMEWORK_HEADER = YES;
				CLANG_WARN_RANGE_LOOP_ANALYSIS = YES;
				CLANG_WARN_STRICT_PROTOTYPES = YES;
				CLANG_WARN_SUSPICIOUS_MOVE = YES;
				CLANG_WARN_UNGUARDED_AVAILABILITY = YES_AGGRESSIVE;
				CLANG_WARN_UNREACHABLE_CODE = YES;
				CLANG_WARN__DUPLICATE_METHOD_MATCH = YES;
				COPY_PHASE_STRIP = NO;
				DEBUG_INFORMATION_FORMAT = "dwarf-with-dsym";
				ENABLE_NS_ASSERTIONS = NO;
				ENABLE_STRICT_OBJC_MSGSEND = YES;
				GCC_C_LANGUAGE_STANDARD = gnu11;
				GCC_NO_COMMON_BLOCKS = YES;
				GCC_WARN_64_TO_32_BIT_CONVERSION = YES;
				GCC_WARN_ABOUT_RETURN_TYPE = YES_ERROR;
				GCC_WARN_UNDECLARED_SELECTOR = YES;
				GCC_WARN_UNINITIALIZED_AUTOS = YES_AGGRESSIVE;
				GCC_WARN_UNUSED_FUNCTION = YES;
				GCC_WARN_UNUSED_VARIABLE = YES;
				IPHONEOS_DEPLOYMENT_TARGET = 15.0;
				MTL_ENABLE_DEBUG_INFO = NO;
				MTL_FAST_MATH = YES;
				SDKROOT = iphoneos;
				SWIFT_COMPILATION_MODE = wholemodule;
				SWIFT_OPTIMIZATION_LEVEL = "-O";
				VALIDATE_PRODUCT = YES;
			};
			name = Release;
		};
		9CE8F7C1276262A800A6C26F /* Debug */ = {
			isa = XCBuildConfiguration;
			buildSettings = {
				ASSETCATALOG_COMPILER_APPICON_NAME = AppIcon;
				ASSETCATALOG_COMPILER_GLOBAL_ACCENT_COLOR_NAME = AccentColor;
				CODE_SIGN_STYLE = Automatic;
				CURRENT_PROJECT_VERSION = 1;
				DEVELOPMENT_TEAM = 7XP9H5G8CF;
				GENERATE_INFOPLIST_FILE = YES;
				INFOPLIST_FILE = ToDoManager/Info.plist;
				INFOPLIST_KEY_UIApplicationSupportsIndirectInputEvents = YES;
				INFOPLIST_KEY_UILaunchStoryboardName = LaunchScreen;
				INFOPLIST_KEY_UIMainStoryboardFile = Main;
				INFOPLIST_KEY_UISupportedInterfaceOrientations_iPad = "UIInterfaceOrientationPortrait UIInterfaceOrientationPortraitUpsideDown UIInterfaceOrientationLandscapeLeft UIInterfaceOrientationLandscapeRight";
				INFOPLIST_KEY_UISupportedInterfaceOrientations_iPhone = "UIInterfaceOrientationPortrait UIInterfaceOrientationLandscapeLeft UIInterfaceOrientationLandscapeRight";
				LD_RUNPATH_SEARCH_PATHS = (
					"$(inherited)",
					"@executable_path/Frameworks",
				);
				MARKETING_VERSION = 1.0;
				PRODUCT_BUNDLE_IDENTIFIER = com.underscoreow.ToDoManager;
				PRODUCT_NAME = "$(TARGET_NAME)";
				SWIFT_EMIT_LOC_STRINGS = YES;
				SWIFT_VERSION = 5.0;
				TARGETED_DEVICE_FAMILY = "1,2";
			};
			name = Debug;
		};
		9CE8F7C2276262A800A6C26F /* Release */ = {
			isa = XCBuildConfiguration;
			buildSettings = {
				ASSETCATALOG_COMPILER_APPICON_NAME = AppIcon;
				ASSETCATALOG_COMPILER_GLOBAL_ACCENT_COLOR_NAME = AccentColor;
				CODE_SIGN_STYLE = Automatic;
				CURRENT_PROJECT_VERSION = 1;
				DEVELOPMENT_TEAM = 7XP9H5G8CF;
				GENERATE_INFOPLIST_FILE = YES;
				INFOPLIST_FILE = ToDoManager/Info.plist;
				INFOPLIST_KEY_UIApplicationSupportsIndirectInputEvents = YES;
				INFOPLIST_KEY_UILaunchStoryboardName = LaunchScreen;
				INFOPLIST_KEY_UIMainStoryboardFile = Main;
				INFOPLIST_KEY_UISupportedInterfaceOrientations_iPad = "UIInterfaceOrientationPortrait UIInterfaceOrientationPortraitUpsideDown UIInterfaceOrientationLandscapeLeft UIInterfaceOrientationLandscapeRight";
				INFOPLIST_KEY_UISupportedInterfaceOrientations_iPhone = "UIInterfaceOrientationPortrait UIInterfaceOrientationLandscapeLeft UIInterfaceOrientationLandscapeRight";
				LD_RUNPATH_SEARCH_PATHS = (
					"$(inherited)",
					"@executable_path/Frameworks",
				);
				MARKETING_VERSION = 1.0;
				PRODUCT_BUNDLE_IDENTIFIER = com.underscoreow.ToDoManager;
				PRODUCT_NAME = "$(TARGET_NAME)";
				SWIFT_EMIT_LOC_STRINGS = YES;
				SWIFT_VERSION = 5.0;
				TARGETED_DEVICE_FAMILY = "1,2";
			};
			name = Release;
		};
/* End XCBuildConfiguration section */

/* Begin XCConfigurationList section */
		9CE8F7A7276262A500A6C26F /* Build configuration list for PBXProject "ToDoManager" */ = {
			isa = XCConfigurationList;
			buildConfigurations = (
				9CE8F7BE276262A800A6C26F /* Debug */,
				9CE8F7BF276262A800A6C26F /* Release */,
			);
			defaultConfigurationIsVisible = 0;
			defaultConfigurationName = Release;
		};
		9CE8F7C0276262A800A6C26F /* Build configuration list for PBXNativeTarget "ToDoManager" */ = {
			isa = XCConfigurationList;
			buildConfigurations = (
				9CE8F7C1276262A800A6C26F /* Debug */,
				9CE8F7C2276262A800A6C26F /* Release */,
			);
			defaultConfigurationIsVisible = 0;
			defaultConfigurationName = Release;
		};
/* End XCConfigurationList section */
	};
	rootObject = 9CE8F7A4276262A500A6C26F /* Project object */;
}
